
Microsoft Visual Studio Solution File, Format Version 12.00
# Visual Studio Version 17
VisualStudioVersion = 17.0.32126.317
MinimumVisualStudioVersion = 10.0.40219.1
Project("{FAE04EC0-301F-11D3-BF4B-00C04F79EFBC}") = "SharedModel", "SharedModel\SharedModel.csproj", "{D1579624-CF78-425F-A277-E9FC249A8A53}"
EndProject
Project("{FAE04EC0-301F-11D3-BF4B-00C04F79EFBC}") = "Entities", "Entities\Entities.csproj", "{B4472AE6-C154-402E-A664-D6A37BDC986B}"
EndProject
Project("{FAE04EC0-301F-11D3-BF4B-00C04F79EFBC}") = "Infrastructure", "Infrastructure\Infrastructure.csproj", "{6C7AF93B-8C14-4362-8E9A-913EB0AA880D}"
EndProject
Global
	GlobalSection(SolutionConfigurationPlatforms) = preSolution
		Debug|Any CPU = Debug|Any CPU
		Release|Any CPU = Release|Any CPU
	EndGlobalSection
	GlobalSection(ProjectConfigurationPlatforms) = postSolution
		{D1579624-CF78-425F-A277-E9FC249A8A53}.Debug|Any CPU.ActiveCfg = Debug|Any CPU
		{D1579624-CF78-425F-A277-E9FC249A8A53}.Debug|Any CPU.Build.0 = Debug|Any CPU
		{D1579624-CF78-425F-A277-E9FC249A8A53}.Release|Any CPU.ActiveCfg = Release|Any CPU
		{D1579624-CF78-425F-A277-E9FC249A8A53}.Release|Any CPU.Build.0 = Release|Any CPU
		{B4472AE6-C154-402E-A664-D6A37BDC986B}.Debug|Any CPU.ActiveCfg = Debug|Any CPU
		{B4472AE6-C154-402E-A664-D6A37BDC986B}.Debug|Any CPU.Build.0 = Debug|Any CPU
		{B4472AE6-C154-402E-A664-D6A37BDC986B}.Release|Any CPU.ActiveCfg = Release|Any CPU
		{B4472AE6-C154-402E-A664-D6A37BDC986B}.Release|Any CPU.Build.0 = Release|Any CPU
		{6C7AF93B-8C14-4362-8E9A-913EB0AA880D}.Debug|Any CPU.ActiveCfg = Debug|Any CPU
		{6C7AF93B-8C14-4362-8E9A-913EB0AA880D}.Debug|Any CPU.Build.0 = Debug|Any CPU
		{6C7AF93B-8C14-4362-8E9A-913EB0AA880D}.Release|Any CPU.ActiveCfg = Release|Any CPU
		{6C7AF93B-8C14-4362-8E9A-913EB0AA880D}.Release|Any CPU.Build.0 = Release|Any CPU
	EndGlobalSection
	GlobalSection(SolutionProperties) = preSolution
		HideSolutionNode = FALSE
	EndGlobalSection
	GlobalSection(ExtensibilityGlobals) = postSolution
		SolutionGuid = {A2D2BDE1-E114-4B03-9869-1C038D244EC0}
	EndGlobalSection
EndGlobal
